{
  "name": "scripts",
  "version": "1.0.0",
  "lockfileVersion": 2,
  "requires": true,
  "packages": {
    "": {
      "name": "scripts",
      "version": "1.0.0",
      "license": "ISC",
      "dependencies": {
        "@splidejs/splide": "^3.6.12",
        "animejs": "^3.2.1",
        "fullcalendar": "^5.10.2"
      }
    },
    "node_modules/@splidejs/splide": {
      "version": "3.6.12",
      "resolved": "https://registry.npmjs.org/@splidejs/splide/-/splide-3.6.12.tgz",
      "integrity": "sha512-ggOUAuSxjWuxxL0IQEZcux26KByfKWfYM2HYmvDBdxkXc5evVW+xuECO+3iuciyrJpgcbYTr4hn0cHfbNlYIeA=="
    },
    "node_modules/animejs": {
      "version": "3.2.1",
      "resolved": "https://registry.npmjs.org/animejs/-/animejs-3.2.1.tgz",
      "integrity": "sha512-sWno3ugFryK5nhiDm/2BKeFCpZv7vzerWUcUPyAZLDhMek3+S/p418ldZJbJXo5ZUOpfm2kP2XRO4NJcULMy9A=="
    },
    "node_modules/fullcalendar": {
      "version": "5.10.2",
      "resolved": "https://registry.npmjs.org/fullcalendar/-/fullcalendar-5.10.2.tgz",
      "integrity": "sha512-a5qS3RaR5kRZyl5lVGJaPMQorY5hyuJvVONFwnQzNSqL32HZ9COq9ROuoaa/jSGcYqv57T7eRIvIgnu80qs7Nw=="
    }
  },
  "dependencies": {
    "@splidejs/splide": {
      "version": "3.6.12",
      "resolved": "https://registry.npmjs.org/@splidejs/splide/-/splide-3.6.12.tgz",
      "integrity": "sha512-ggOUAuSxjWuxxL0IQEZcux26KByfKWfYM2HYmvDBdxkXc5evVW+xuECO+3iuciyrJpgcbYTr4hn0cHfbNlYIeA=="
    },
    "animejs": {
      "version": "3.2.1",
      "resolved": "https://registry.npmjs.org/animejs/-/animejs-3.2.1.tgz",
      "integrity": "sha512-sWno3ugFryK5nhiDm/2BKeFCpZv7vzerWUcUPyAZLDhMek3+S/p418ldZJbJXo5ZUOpfm2kP2XRO4NJcULMy9A=="
    },
    "fullcalendar": {
      "version": "5.10.2",
      "resolved": "https://registry.npmjs.org/fullcalendar/-/fullcalendar-5.10.2.tgz",
      "integrity": "sha512-a5qS3RaR5kRZyl5lVGJaPMQorY5hyuJvVONFwnQzNSqL32HZ9COq9ROuoaa/jSGcYqv57T7eRIvIgnu80qs7Nw=="
    }
  }
}
